
Microsoft Visual Studio Solution File, Format Version 12.00
# Visual Studio 15
VisualStudioVersion = 15.0.27703.2000
MinimumVisualStudioVersion = 10.0.40219.1
Project("{FAE04EC0-301F-11D3-BF4B-00C04F79EFBC}") = "JavascriptProxy", "JavascriptProxy\JavascriptProxy.csproj", "{269210F0-FE08-4C1D-A33B-5E9957339160}"
EndProject
Global
	GlobalSection(SolutionConfigurationPlatforms) = preSolution
		Debug|Any CPU = Debug|Any CPU
		Release|Any CPU = Release|Any CPU
	EndGlobalSection
	GlobalSection(ProjectConfigurationPlatforms) = postSolution
		{269210F0-FE08-4C1D-A33B-5E9957339160}.Debug|Any CPU.ActiveCfg = Debug|Any CPU
		{269210F0-FE08-4C1D-A33B-5E9957339160}.Debug|Any CPU.Build.0 = Debug|Any CPU
		{269210F0-FE08-4C1D-A33B-5E9957339160}.Release|Any CPU.ActiveCfg = Release|Any CPU
		{269210F0-FE08-4C1D-A33B-5E9957339160}.Release|Any CPU.Build.0 = Release|Any CPU
	EndGlobalSection
	GlobalSection(SolutionProperties) = preSolution
		HideSolutionNode = FALSE
	EndGlobalSection
	GlobalSection(ExtensibilityGlobals) = postSolution
		SolutionGuid = {A2734BDD-08EB-4A50-B90D-1AD47AAC9E81}
	EndGlobalSection
EndGlobal
